
Microsoft Visual Studio Solution File, Format Version 12.00
# Visual Studio Version 17
VisualStudioVersion = 17.4.33403.182
MinimumVisualStudioVersion = 10.0.40219.1
Project("{9A19103F-16F7-4668-BE54-9A1E7A4F7556}") = "SteamCurrency", "SteamCurrency\SteamCurrency.csproj", "{CE901B2F-A99D-4BA4-AD08-15C082C09657}"
	ProjectSection(ProjectDependencies) = postProject
		{02D950B8-30C3-4128-A6ED-822A296DD735} = {02D950B8-30C3-4128-A6ED-822A296DD735}
	EndProjectSection
EndProject
Project("{9A19103F-16F7-4668-BE54-9A1E7A4F7556}") = "SteamCurrencyLib", "SteamCurrencyLib\SteamCurrencyLib.csproj", "{02D950B8-30C3-4128-A6ED-822A296DD735}"
EndProject
Project("{2150E333-8FDC-42A3-9474-1A3956D46DE8}") = "Элементы решения", "Элементы решения", "{514B6507-C065-4BA1-8BFA-880F5A755AF2}"
	ProjectSection(SolutionItems) = preProject
		.gitattributes = .gitattributes
		.gitignore = .gitignore
		LICENSE.txt = LICENSE.txt
		README.md = README.md
	EndProjectSection
EndProject
Global
	GlobalSection(SolutionConfigurationPlatforms) = preSolution
		Debug|Any CPU = Debug|Any CPU
		Release|Any CPU = Release|Any CPU
	EndGlobalSection
	GlobalSection(ProjectConfigurationPlatforms) = postSolution
		{CE901B2F-A99D-4BA4-AD08-15C082C09657}.Debug|Any CPU.ActiveCfg = Debug|Any CPU
		{CE901B2F-A99D-4BA4-AD08-15C082C09657}.Debug|Any CPU.Build.0 = Debug|Any CPU
		{CE901B2F-A99D-4BA4-AD08-15C082C09657}.Release|Any CPU.ActiveCfg = Release|Any CPU
		{CE901B2F-A99D-4BA4-AD08-15C082C09657}.Release|Any CPU.Build.0 = Release|Any CPU
		{02D950B8-30C3-4128-A6ED-822A296DD735}.Debug|Any CPU.ActiveCfg = Debug|Any CPU
		{02D950B8-30C3-4128-A6ED-822A296DD735}.Debug|Any CPU.Build.0 = Debug|Any CPU
		{02D950B8-30C3-4128-A6ED-822A296DD735}.Release|Any CPU.ActiveCfg = Release|Any CPU
		{02D950B8-30C3-4128-A6ED-822A296DD735}.Release|Any CPU.Build.0 = Release|Any CPU
	EndGlobalSection
	GlobalSection(SolutionProperties) = preSolution
		HideSolutionNode = FALSE
	EndGlobalSection
	GlobalSection(ExtensibilityGlobals) = postSolution
		SolutionGuid = {7FA12C29-F57B-4053-9E08-208459292012}
	EndGlobalSection
EndGlobal
